
Microsoft Visual Studio Solution File, Format Version 12.00
# Visual Studio 15
VisualStudioVersion = 15.0.27703.2042
MinimumVisualStudioVersion = 10.0.40219.1
Project("{FAE04EC0-301F-11D3-BF4B-00C04F79EFBC}") = "StringParsingCalculator", "StringParsingCalculator\StringParsingCalculator.csproj", "{A7FB2298-2B89-474A-A9E2-9D032D26E948}"
EndProject
Project("{FAE04EC0-301F-11D3-BF4B-00C04F79EFBC}") = "StringParsingCalcTests", "StringParsingCalcTests\StringParsingCalcTests.csproj", "{87932FAE-6C1F-4AAE-8F2F-681A7F75AC35}"
EndProject
Project("{FAE04EC0-301F-11D3-BF4B-00C04F79EFBC}") = "GUICalculator", "GUICalculator\GUICalculator.csproj", "{EF999D23-8890-45F2-A7A8-1CC3C1C4F0CD}"
EndProject
Project("{FAE04EC0-301F-11D3-BF4B-00C04F79EFBC}") = "SimpleMathLib", "SimpleMathLib\SimpleMathLib.csproj", "{1BD89A69-8615-42E6-9679-60AF99E0790B}"
EndProject
Global
	GlobalSection(SolutionConfigurationPlatforms) = preSolution
		Debug|Any CPU = Debug|Any CPU
		Release|Any CPU = Release|Any CPU
	EndGlobalSection
	GlobalSection(ProjectConfigurationPlatforms) = postSolution
		{A7FB2298-2B89-474A-A9E2-9D032D26E948}.Debug|Any CPU.ActiveCfg = Debug|Any CPU
		{A7FB2298-2B89-474A-A9E2-9D032D26E948}.Debug|Any CPU.Build.0 = Debug|Any CPU
		{A7FB2298-2B89-474A-A9E2-9D032D26E948}.Release|Any CPU.ActiveCfg = Release|Any CPU
		{A7FB2298-2B89-474A-A9E2-9D032D26E948}.Release|Any CPU.Build.0 = Release|Any CPU
		{87932FAE-6C1F-4AAE-8F2F-681A7F75AC35}.Debug|Any CPU.ActiveCfg = Debug|Any CPU
		{87932FAE-6C1F-4AAE-8F2F-681A7F75AC35}.Debug|Any CPU.Build.0 = Debug|Any CPU
		{87932FAE-6C1F-4AAE-8F2F-681A7F75AC35}.Release|Any CPU.ActiveCfg = Release|Any CPU
		{87932FAE-6C1F-4AAE-8F2F-681A7F75AC35}.Release|Any CPU.Build.0 = Release|Any CPU
		{EF999D23-8890-45F2-A7A8-1CC3C1C4F0CD}.Debug|Any CPU.ActiveCfg = Debug|Any CPU
		{EF999D23-8890-45F2-A7A8-1CC3C1C4F0CD}.Debug|Any CPU.Build.0 = Debug|Any CPU
		{EF999D23-8890-45F2-A7A8-1CC3C1C4F0CD}.Release|Any CPU.ActiveCfg = Release|Any CPU
		{EF999D23-8890-45F2-A7A8-1CC3C1C4F0CD}.Release|Any CPU.Build.0 = Release|Any CPU
		{1BD89A69-8615-42E6-9679-60AF99E0790B}.Debug|Any CPU.ActiveCfg = Debug|Any CPU
		{1BD89A69-8615-42E6-9679-60AF99E0790B}.Debug|Any CPU.Build.0 = Debug|Any CPU
		{1BD89A69-8615-42E6-9679-60AF99E0790B}.Release|Any CPU.ActiveCfg = Release|Any CPU
		{1BD89A69-8615-42E6-9679-60AF99E0790B}.Release|Any CPU.Build.0 = Release|Any CPU
	EndGlobalSection
	GlobalSection(SolutionProperties) = preSolution
		HideSolutionNode = FALSE
	EndGlobalSection
	GlobalSection(ExtensibilityGlobals) = postSolution
		SolutionGuid = {F0373AF9-1B2A-4ECC-B8EB-20E00A5EABC9}
	EndGlobalSection
EndGlobal
